
Microsoft Visual Studio Solution File, Format Version 12.00
# Visual Studio Version 16
VisualStudioVersion = 16.0.30114.105
MinimumVisualStudioVersion = 10.0.40219.1
Project("{FAE04EC0-301F-11D3-BF4B-00C04F79EFBC}") = "Floward.Shop.Task.Services.Users", "Floward.Shop.Task.Users\Floward.Shop.Task.Services.Users.csproj", "{0A35B2C0-7FA2-47AF-9B71-9CFB9BC7EDE7}"
EndProject
Project("{FAE04EC0-301F-11D3-BF4B-00C04F79EFBC}") = "Floward.Shop.Task.GatewayAPIGateway", "Floward.Shop.Task.APIGateway\Floward.Shop.Task.GatewayAPIGateway.csproj", "{B4B6F01B-F0F5-4492-AC88-3872201478F9}"
EndProject
Project("{FAE04EC0-301F-11D3-BF4B-00C04F79EFBC}") = "Floward.Shop.Task.Services.Admin", "Floward.Shop.Task.Admin\Floward.Shop.Task.Services.Admin.csproj", "{D3BF0C4F-45DA-4787-81D0-398921DC0161}"
EndProject
Project("{FAE04EC0-301F-11D3-BF4B-00C04F79EFBC}") = "Floward.Shop.Task.Services.Products", "Floward.Shop.Task.Products\Floward.Shop.Task.Services.Products.csproj", "{5BC9F697-1C73-4E07-9D9C-AB936D2EAC6B}"
EndProject
Project("{FAE04EC0-301F-11D3-BF4B-00C04F79EFBC}") = "Floward.Shop.Task.Services.Card", "Floward.Shop.Task.Card\Floward.Shop.Task.Services.Card.csproj", "{4F866013-244F-4EC4-9EAF-0250C6C9EB3E}"
EndProject
Project("{FAE04EC0-301F-11D3-BF4B-00C04F79EFBC}") = "Floward.Shop.Task.Services.Payment", "Floward.Shop.Task.Payment\Floward.Shop.Task.Services.Payment.csproj", "{BE54724E-7A51-4FE9-906D-97830344C16F}"
EndProject
Project("{2150E333-8FDC-42A3-9474-1A3956D46DE8}") = "Services", "Services", "{42046624-A16E-4EFF-A7C0-BB6243FBEE3B}"
EndProject
Project("{2150E333-8FDC-42A3-9474-1A3956D46DE8}") = "Kernel", "Kernel", "{1EFAEFDC-6E2E-4D32-A4F1-13C5E6ABD0FE}"
EndProject
Project("{2150E333-8FDC-42A3-9474-1A3956D46DE8}") = "Gateway", "Gateway", "{537DDBA8-8C32-4BBC-98D2-0B77AD0BEA04}"
EndProject
Project("{FAE04EC0-301F-11D3-BF4B-00C04F79EFBC}") = "Floward.Shop.Task.Kernel.Logging", "Floward.Shop.Task.Kernel.Logging\Floward.Shop.Task.Kernel.Logging.csproj", "{8B08484E-D19A-4230-9B4F-9132E4D2553A}"
EndProject
Project("{FAE04EC0-301F-11D3-BF4B-00C04F79EFBC}") = "Floward.Shop.Task.Kernel.Cashing", "Floward.Shop.Task.Kernel.Cashing\Floward.Shop.Task.Kernel.Cashing.csproj", "{DE0AF4E5-35E2-41EE-82FD-2B8AB2C118AD}"
EndProject
Project("{FAE04EC0-301F-11D3-BF4B-00C04F79EFBC}") = "Floward.Shop.Task.Kernel.Helper", "Floward.Shop.Task.Kernel.Helper\Floward.Shop.Task.Kernel.Helper.csproj", "{B13F23E9-23DE-4E59-85C7-A995DE543622}"
EndProject
Project("{FAE04EC0-301F-11D3-BF4B-00C04F79EFBC}") = "Floward.Shop.Task.Services.Notifications", "Floward.Shop.Task.Services.Notifications\Floward.Shop.Task.Services.Notifications.csproj", "{E8B9E423-962A-43B2-B5C8-89C1D88D6A4A}"
EndProject
Global
	GlobalSection(SolutionConfigurationPlatforms) = preSolution
		Debug|Any CPU = Debug|Any CPU
		Debug|x64 = Debug|x64
		Debug|x86 = Debug|x86
		Release|Any CPU = Release|Any CPU
		Release|x64 = Release|x64
		Release|x86 = Release|x86
	EndGlobalSection
	GlobalSection(ProjectConfigurationPlatforms) = postSolution
		{0A35B2C0-7FA2-47AF-9B71-9CFB9BC7EDE7}.Debug|Any CPU.ActiveCfg = Debug|Any CPU
		{0A35B2C0-7FA2-47AF-9B71-9CFB9BC7EDE7}.Debug|Any CPU.Build.0 = Debug|Any CPU
		{0A35B2C0-7FA2-47AF-9B71-9CFB9BC7EDE7}.Debug|x64.ActiveCfg = Debug|Any CPU
		{0A35B2C0-7FA2-47AF-9B71-9CFB9BC7EDE7}.Debug|x64.Build.0 = Debug|Any CPU
		{0A35B2C0-7FA2-47AF-9B71-9CFB9BC7EDE7}.Debug|x86.ActiveCfg = Debug|Any CPU
		{0A35B2C0-7FA2-47AF-9B71-9CFB9BC7EDE7}.Debug|x86.Build.0 = Debug|Any CPU
		{0A35B2C0-7FA2-47AF-9B71-9CFB9BC7EDE7}.Release|Any CPU.ActiveCfg = Release|Any CPU
		{0A35B2C0-7FA2-47AF-9B71-9CFB9BC7EDE7}.Release|Any CPU.Build.0 = Release|Any CPU
		{0A35B2C0-7FA2-47AF-9B71-9CFB9BC7EDE7}.Release|x64.ActiveCfg = Release|Any CPU
		{0A35B2C0-7FA2-47AF-9B71-9CFB9BC7EDE7}.Release|x64.Build.0 = Release|Any CPU
		{0A35B2C0-7FA2-47AF-9B71-9CFB9BC7EDE7}.Release|x86.ActiveCfg = Release|Any CPU
		{0A35B2C0-7FA2-47AF-9B71-9CFB9BC7EDE7}.Release|x86.Build.0 = Release|Any CPU
		{B4B6F01B-F0F5-4492-AC88-3872201478F9}.Debug|Any CPU.ActiveCfg = Debug|Any CPU
		{B4B6F01B-F0F5-4492-AC88-3872201478F9}.Debug|Any CPU.Build.0 = Debug|Any CPU
		{B4B6F01B-F0F5-4492-AC88-3872201478F9}.Debug|x64.ActiveCfg = Debug|Any CPU
		{B4B6F01B-F0F5-4492-AC88-3872201478F9}.Debug|x64.Build.0 = Debug|Any CPU
		{B4B6F01B-F0F5-4492-AC88-3872201478F9}.Debug|x86.ActiveCfg = Debug|Any CPU
		{B4B6F01B-F0F5-4492-AC88-3872201478F9}.Debug|x86.Build.0 = Debug|Any CPU
		{B4B6F01B-F0F5-4492-AC88-3872201478F9}.Release|Any CPU.ActiveCfg = Release|Any CPU
		{B4B6F01B-F0F5-4492-AC88-3872201478F9}.Release|Any CPU.Build.0 = Release|Any CPU
		{B4B6F01B-F0F5-4492-AC88-3872201478F9}.Release|x64.ActiveCfg = Release|Any CPU
		{B4B6F01B-F0F5-4492-AC88-3872201478F9}.Release|x64.Build.0 = Release|Any CPU
		{B4B6F01B-F0F5-4492-AC88-3872201478F9}.Release|x86.ActiveCfg = Release|Any CPU
		{B4B6F01B-F0F5-4492-AC88-3872201478F9}.Release|x86.Build.0 = Release|Any CPU
		{D3BF0C4F-45DA-4787-81D0-398921DC0161}.Debug|Any CPU.ActiveCfg = Debug|Any CPU
		{D3BF0C4F-45DA-4787-81D0-398921DC0161}.Debug|Any CPU.Build.0 = Debug|Any CPU
		{D3BF0C4F-45DA-4787-81D0-398921DC0161}.Debug|x64.ActiveCfg = Debug|Any CPU
		{D3BF0C4F-45DA-4787-81D0-398921DC0161}.Debug|x64.Build.0 = Debug|Any CPU
		{D3BF0C4F-45DA-4787-81D0-398921DC0161}.Debug|x86.ActiveCfg = Debug|Any CPU
		{D3BF0C4F-45DA-4787-81D0-398921DC0161}.Debug|x86.Build.0 = Debug|Any CPU
		{D3BF0C4F-45DA-4787-81D0-398921DC0161}.Release|Any CPU.ActiveCfg = Release|Any CPU
		{D3BF0C4F-45DA-4787-81D0-398921DC0161}.Release|Any CPU.Build.0 = Release|Any CPU
		{D3BF0C4F-45DA-4787-81D0-398921DC0161}.Release|x64.ActiveCfg = Release|Any CPU
		{D3BF0C4F-45DA-4787-81D0-398921DC0161}.Release|x64.Build.0 = Release|Any CPU
		{D3BF0C4F-45DA-4787-81D0-398921DC0161}.Release|x86.ActiveCfg = Release|Any CPU
		{D3BF0C4F-45DA-4787-81D0-398921DC0161}.Release|x86.Build.0 = Release|Any CPU
		{5BC9F697-1C73-4E07-9D9C-AB936D2EAC6B}.Debug|Any CPU.ActiveCfg = Debug|Any CPU
		{5BC9F697-1C73-4E07-9D9C-AB936D2EAC6B}.Debug|Any CPU.Build.0 = Debug|Any CPU
		{5BC9F697-1C73-4E07-9D9C-AB936D2EAC6B}.Debug|x64.ActiveCfg = Debug|Any CPU
		{5BC9F697-1C73-4E07-9D9C-AB936D2EAC6B}.Debug|x64.Build.0 = Debug|Any CPU
		{5BC9F697-1C73-4E07-9D9C-AB936D2EAC6B}.Debug|x86.ActiveCfg = Debug|Any CPU
		{5BC9F697-1C73-4E07-9D9C-AB936D2EAC6B}.Debug|x86.Build.0 = Debug|Any CPU
		{5BC9F697-1C73-4E07-9D9C-AB936D2EAC6B}.Release|Any CPU.ActiveCfg = Release|Any CPU
		{5BC9F697-1C73-4E07-9D9C-AB936D2EAC6B}.Release|Any CPU.Build.0 = Release|Any CPU
		{5BC9F697-1C73-4E07-9D9C-AB936D2EAC6B}.Release|x64.ActiveCfg = Release|Any CPU
		{5BC9F697-1C73-4E07-9D9C-AB936D2EAC6B}.Release|x64.Build.0 = Release|Any CPU
		{5BC9F697-1C73-4E07-9D9C-AB936D2EAC6B}.Release|x86.ActiveCfg = Release|Any CPU
		{5BC9F697-1C73-4E07-9D9C-AB936D2EAC6B}.Release|x86.Build.0 = Release|Any CPU
		{4F866013-244F-4EC4-9EAF-0250C6C9EB3E}.Debug|Any CPU.ActiveCfg = Debug|Any CPU
		{4F866013-244F-4EC4-9EAF-0250C6C9EB3E}.Debug|Any CPU.Build.0 = Debug|Any CPU
		{4F866013-244F-4EC4-9EAF-0250C6C9EB3E}.Debug|x64.ActiveCfg = Debug|Any CPU
		{4F866013-244F-4EC4-9EAF-0250C6C9EB3E}.Debug|x64.Build.0 = Debug|Any CPU
		{4F866013-244F-4EC4-9EAF-0250C6C9EB3E}.Debug|x86.ActiveCfg = Debug|Any CPU
		{4F866013-244F-4EC4-9EAF-0250C6C9EB3E}.Debug|x86.Build.0 = Debug|Any CPU
		{4F866013-244F-4EC4-9EAF-0250C6C9EB3E}.Release|Any CPU.ActiveCfg = Release|Any CPU
		{4F866013-244F-4EC4-9EAF-0250C6C9EB3E}.Release|Any CPU.Build.0 = Release|Any CPU
		{4F866013-244F-4EC4-9EAF-0250C6C9EB3E}.Release|x64.ActiveCfg = Release|Any CPU
		{4F866013-244F-4EC4-9EAF-0250C6C9EB3E}.Release|x64.Build.0 = Release|Any CPU
		{4F866013-244F-4EC4-9EAF-0250C6C9EB3E}.Release|x86.ActiveCfg = Release|Any CPU
		{4F866013-244F-4EC4-9EAF-0250C6C9EB3E}.Release|x86.Build.0 = Release|Any CPU
		{BE54724E-7A51-4FE9-906D-97830344C16F}.Debug|Any CPU.ActiveCfg = Debug|Any CPU
		{BE54724E-7A51-4FE9-906D-97830344C16F}.Debug|Any CPU.Build.0 = Debug|Any CPU
		{BE54724E-7A51-4FE9-906D-97830344C16F}.Debug|x64.ActiveCfg = Debug|Any CPU
		{BE54724E-7A51-4FE9-906D-97830344C16F}.Debug|x64.Build.0 = Debug|Any CPU
		{BE54724E-7A51-4FE9-906D-97830344C16F}.Debug|x86.ActiveCfg = Debug|Any CPU
		{BE54724E-7A51-4FE9-906D-97830344C16F}.Debug|x86.Build.0 = Debug|Any CPU
		{BE54724E-7A51-4FE9-906D-97830344C16F}.Release|Any CPU.ActiveCfg = Release|Any CPU
		{BE54724E-7A51-4FE9-906D-97830344C16F}.Release|Any CPU.Build.0 = Release|Any CPU
		{BE54724E-7A51-4FE9-906D-97830344C16F}.Release|x64.ActiveCfg = Release|Any CPU
		{BE54724E-7A51-4FE9-906D-97830344C16F}.Release|x64.Build.0 = Release|Any CPU
		{BE54724E-7A51-4FE9-906D-97830344C16F}.Release|x86.ActiveCfg = Release|Any CPU
		{BE54724E-7A51-4FE9-906D-97830344C16F}.Release|x86.Build.0 = Release|Any CPU
		{8B08484E-D19A-4230-9B4F-9132E4D2553A}.Debug|Any CPU.ActiveCfg = Debug|Any CPU
		{8B08484E-D19A-4230-9B4F-9132E4D2553A}.Debug|Any CPU.Build.0 = Debug|Any CPU
		{8B08484E-D19A-4230-9B4F-9132E4D2553A}.Debug|x64.ActiveCfg = Debug|Any CPU
		{8B08484E-D19A-4230-9B4F-9132E4D2553A}.Debug|x64.Build.0 = Debug|Any CPU
		{8B08484E-D19A-4230-9B4F-9132E4D2553A}.Debug|x86.ActiveCfg = Debug|Any CPU
		{8B08484E-D19A-4230-9B4F-9132E4D2553A}.Debug|x86.Build.0 = Debug|Any CPU
		{8B08484E-D19A-4230-9B4F-9132E4D2553A}.Release|Any CPU.ActiveCfg = Release|Any CPU
		{8B08484E-D19A-4230-9B4F-9132E4D2553A}.Release|Any CPU.Build.0 = Release|Any CPU
		{8B08484E-D19A-4230-9B4F-9132E4D2553A}.Release|x64.ActiveCfg = Release|Any CPU
		{8B08484E-D19A-4230-9B4F-9132E4D2553A}.Release|x64.Build.0 = Release|Any CPU
		{8B08484E-D19A-4230-9B4F-9132E4D2553A}.Release|x86.ActiveCfg = Release|Any CPU
		{8B08484E-D19A-4230-9B4F-9132E4D2553A}.Release|x86.Build.0 = Release|Any CPU
		{DE0AF4E5-35E2-41EE-82FD-2B8AB2C118AD}.Debug|Any CPU.ActiveCfg = Debug|Any CPU
		{DE0AF4E5-35E2-41EE-82FD-2B8AB2C118AD}.Debug|Any CPU.Build.0 = Debug|Any CPU
		{DE0AF4E5-35E2-41EE-82FD-2B8AB2C118AD}.Debug|x64.ActiveCfg = Debug|Any CPU
		{DE0AF4E5-35E2-41EE-82FD-2B8AB2C118AD}.Debug|x64.Build.0 = Debug|Any CPU
		{DE0AF4E5-35E2-41EE-82FD-2B8AB2C118AD}.Debug|x86.ActiveCfg = Debug|Any CPU
		{DE0AF4E5-35E2-41EE-82FD-2B8AB2C118AD}.Debug|x86.Build.0 = Debug|Any CPU
		{DE0AF4E5-35E2-41EE-82FD-2B8AB2C118AD}.Release|Any CPU.ActiveCfg = Release|Any CPU
		{DE0AF4E5-35E2-41EE-82FD-2B8AB2C118AD}.Release|Any CPU.Build.0 = Release|Any CPU
		{DE0AF4E5-35E2-41EE-82FD-2B8AB2C118AD}.Release|x64.ActiveCfg = Release|Any CPU
		{DE0AF4E5-35E2-41EE-82FD-2B8AB2C118AD}.Release|x64.Build.0 = Release|Any CPU
		{DE0AF4E5-35E2-41EE-82FD-2B8AB2C118AD}.Release|x86.ActiveCfg = Release|Any CPU
		{DE0AF4E5-35E2-41EE-82FD-2B8AB2C118AD}.Release|x86.Build.0 = Release|Any CPU
		{B13F23E9-23DE-4E59-85C7-A995DE543622}.Debug|Any CPU.ActiveCfg = Debug|Any CPU
		{B13F23E9-23DE-4E59-85C7-A995DE543622}.Debug|Any CPU.Build.0 = Debug|Any CPU
		{B13F23E9-23DE-4E59-85C7-A995DE543622}.Debug|x64.ActiveCfg = Debug|Any CPU
		{B13F23E9-23DE-4E59-85C7-A995DE543622}.Debug|x64.Build.0 = Debug|Any CPU
		{B13F23E9-23DE-4E59-85C7-A995DE543622}.Debug|x86.ActiveCfg = Debug|Any CPU
		{B13F23E9-23DE-4E59-85C7-A995DE543622}.Debug|x86.Build.0 = Debug|Any CPU
		{B13F23E9-23DE-4E59-85C7-A995DE543622}.Release|Any CPU.ActiveCfg = Release|Any CPU
		{B13F23E9-23DE-4E59-85C7-A995DE543622}.Release|Any CPU.Build.0 = Release|Any CPU
		{B13F23E9-23DE-4E59-85C7-A995DE543622}.Release|x64.ActiveCfg = Release|Any CPU
		{B13F23E9-23DE-4E59-85C7-A995DE543622}.Release|x64.Build.0 = Release|Any CPU
		{B13F23E9-23DE-4E59-85C7-A995DE543622}.Release|x86.ActiveCfg = Release|Any CPU
		{B13F23E9-23DE-4E59-85C7-A995DE543622}.Release|x86.Build.0 = Release|Any CPU
		{E8B9E423-962A-43B2-B5C8-89C1D88D6A4A}.Debug|Any CPU.ActiveCfg = Debug|Any CPU
		{E8B9E423-962A-43B2-B5C8-89C1D88D6A4A}.Debug|Any CPU.Build.0 = Debug|Any CPU
		{E8B9E423-962A-43B2-B5C8-89C1D88D6A4A}.Debug|x64.ActiveCfg = Debug|Any CPU
		{E8B9E423-962A-43B2-B5C8-89C1D88D6A4A}.Debug|x64.Build.0 = Debug|Any CPU
		{E8B9E423-962A-43B2-B5C8-89C1D88D6A4A}.Debug|x86.ActiveCfg = Debug|Any CPU
		{E8B9E423-962A-43B2-B5C8-89C1D88D6A4A}.Debug|x86.Build.0 = Debug|Any CPU
		{E8B9E423-962A-43B2-B5C8-89C1D88D6A4A}.Release|Any CPU.ActiveCfg = Release|Any CPU
		{E8B9E423-962A-43B2-B5C8-89C1D88D6A4A}.Release|Any CPU.Build.0 = Release|Any CPU
		{E8B9E423-962A-43B2-B5C8-89C1D88D6A4A}.Release|x64.ActiveCfg = Release|Any CPU
		{E8B9E423-962A-43B2-B5C8-89C1D88D6A4A}.Release|x64.Build.0 = Release|Any CPU
		{E8B9E423-962A-43B2-B5C8-89C1D88D6A4A}.Release|x86.ActiveCfg = Release|Any CPU
		{E8B9E423-962A-43B2-B5C8-89C1D88D6A4A}.Release|x86.Build.0 = Release|Any CPU
	EndGlobalSection
	GlobalSection(SolutionProperties) = preSolution
		HideSolutionNode = FALSE
	EndGlobalSection
	GlobalSection(NestedProjects) = preSolution
		{0A35B2C0-7FA2-47AF-9B71-9CFB9BC7EDE7} = {42046624-A16E-4EFF-A7C0-BB6243FBEE3B}
		{B4B6F01B-F0F5-4492-AC88-3872201478F9} = {537DDBA8-8C32-4BBC-98D2-0B77AD0BEA04}
		{D3BF0C4F-45DA-4787-81D0-398921DC0161} = {42046624-A16E-4EFF-A7C0-BB6243FBEE3B}
		{5BC9F697-1C73-4E07-9D9C-AB936D2EAC6B} = {42046624-A16E-4EFF-A7C0-BB6243FBEE3B}
		{4F866013-244F-4EC4-9EAF-0250C6C9EB3E} = {42046624-A16E-4EFF-A7C0-BB6243FBEE3B}
		{BE54724E-7A51-4FE9-906D-97830344C16F} = {42046624-A16E-4EFF-A7C0-BB6243FBEE3B}
		{8B08484E-D19A-4230-9B4F-9132E4D2553A} = {1EFAEFDC-6E2E-4D32-A4F1-13C5E6ABD0FE}
		{DE0AF4E5-35E2-41EE-82FD-2B8AB2C118AD} = {1EFAEFDC-6E2E-4D32-A4F1-13C5E6ABD0FE}
		{B13F23E9-23DE-4E59-85C7-A995DE543622} = {1EFAEFDC-6E2E-4D32-A4F1-13C5E6ABD0FE}
		{E8B9E423-962A-43B2-B5C8-89C1D88D6A4A} = {42046624-A16E-4EFF-A7C0-BB6243FBEE3B}
	EndGlobalSection
	GlobalSection(ExtensibilityGlobals) = postSolution
		SolutionGuid = {24E1BC98-9CEE-4FBC-B7D4-05BC62528FE1}
	EndGlobalSection
EndGlobal
